
Microsoft Visual Studio Solution File, Format Version 12.00
# Visual Studio Version 16
VisualStudioVersion = 16.0.31727.386
MinimumVisualStudioVersion = 10.0.40219.1
Project("{FAE04EC0-301F-11D3-BF4B-00C04F79EFBC}") = "WXZ8SX_HFT_2021221.Client", "WXZ8SX_HFT_2021221.Client\WXZ8SX_HFT_2021221.Client.csproj", "{79B84527-76E8-470D-91CD-94AA72B66AC7}"
EndProject
Project("{FAE04EC0-301F-11D3-BF4B-00C04F79EFBC}") = "WXZ8SX_HFT_2021221.Models", "WXZ8SX_HFT_2021221.Models\WXZ8SX_HFT_2021221.Models.csproj", "{3F8415DA-D30E-4C6B-8D9E-D21FC0A0904E}"
EndProject
Project("{FAE04EC0-301F-11D3-BF4B-00C04F79EFBC}") = "WXZ8SX_HFT_2021221.Data", "WXZ8SX_HFT_2021221.Data\WXZ8SX_HFT_2021221.Data.csproj", "{52AB3871-C73B-4DAB-87DB-671D68930E94}"
EndProject
Project("{FAE04EC0-301F-11D3-BF4B-00C04F79EFBC}") = "WXZ8SX_HFT_2021221.Logic", "WXZ8SX_HFT_2021221.Logic\WXZ8SX_HFT_2021221.Logic.csproj", "{6AB1C0CC-3511-404D-911A-7882F2F62653}"
EndProject
Project("{FAE04EC0-301F-11D3-BF4B-00C04F79EFBC}") = "WXZ8SX_HFT_2021221.Repository", "WXZ8SX_HFT_2021221.Repository\WXZ8SX_HFT_2021221.Repository.csproj", "{980F2239-D7E1-48BA-8B65-FDB8BE49D502}"
EndProject
Project("{FAE04EC0-301F-11D3-BF4B-00C04F79EFBC}") = "WXZ8SX_HFT_2021221.Endpoint", "WXZ8SX_HFT_2021221.Endpoint\WXZ8SX_HFT_2021221.Endpoint.csproj", "{EB2CF324-12DA-42EC-97D7-B27C566CE04D}"
EndProject
Project("{FAE04EC0-301F-11D3-BF4B-00C04F79EFBC}") = "WXZ8SX_HFT_2021221.Test", "WXZ8SX_HFT_2021221.Test\WXZ8SX_HFT_2021221.Test.csproj", "{7185080B-4EB0-4BD4-80E2-BBE412BE97E0}"
EndProject
Project("{2150E333-8FDC-42A3-9474-1A3956D46DE8}") = "Backend", "Backend", "{D109AD02-7779-4F08-BAB5-57ACEA59EF7E}"
EndProject
Project("{2150E333-8FDC-42A3-9474-1A3956D46DE8}") = "Frontend", "Frontend", "{72E316E6-8264-40EC-95A7-7F8D74E8A4B5}"
EndProject
Project("{2150E333-8FDC-42A3-9474-1A3956D46DE8}") = "Shared", "Shared", "{974B90B6-8BC9-40D4-BAC9-49C7D8824A61}"
EndProject
Global
	GlobalSection(SolutionConfigurationPlatforms) = preSolution
		Debug|Any CPU = Debug|Any CPU
		Release|Any CPU = Release|Any CPU
	EndGlobalSection
	GlobalSection(ProjectConfigurationPlatforms) = postSolution
		{79B84527-76E8-470D-91CD-94AA72B66AC7}.Debug|Any CPU.ActiveCfg = Debug|Any CPU
		{79B84527-76E8-470D-91CD-94AA72B66AC7}.Debug|Any CPU.Build.0 = Debug|Any CPU
		{79B84527-76E8-470D-91CD-94AA72B66AC7}.Release|Any CPU.ActiveCfg = Release|Any CPU
		{79B84527-76E8-470D-91CD-94AA72B66AC7}.Release|Any CPU.Build.0 = Release|Any CPU
		{3F8415DA-D30E-4C6B-8D9E-D21FC0A0904E}.Debug|Any CPU.ActiveCfg = Debug|Any CPU
		{3F8415DA-D30E-4C6B-8D9E-D21FC0A0904E}.Debug|Any CPU.Build.0 = Debug|Any CPU
		{3F8415DA-D30E-4C6B-8D9E-D21FC0A0904E}.Release|Any CPU.ActiveCfg = Release|Any CPU
		{3F8415DA-D30E-4C6B-8D9E-D21FC0A0904E}.Release|Any CPU.Build.0 = Release|Any CPU
		{52AB3871-C73B-4DAB-87DB-671D68930E94}.Debug|Any CPU.ActiveCfg = Debug|Any CPU
		{52AB3871-C73B-4DAB-87DB-671D68930E94}.Debug|Any CPU.Build.0 = Debug|Any CPU
		{52AB3871-C73B-4DAB-87DB-671D68930E94}.Release|Any CPU.ActiveCfg = Release|Any CPU
		{52AB3871-C73B-4DAB-87DB-671D68930E94}.Release|Any CPU.Build.0 = Release|Any CPU
		{6AB1C0CC-3511-404D-911A-7882F2F62653}.Debug|Any CPU.ActiveCfg = Debug|Any CPU
		{6AB1C0CC-3511-404D-911A-7882F2F62653}.Debug|Any CPU.Build.0 = Debug|Any CPU
		{6AB1C0CC-3511-404D-911A-7882F2F62653}.Release|Any CPU.ActiveCfg = Release|Any CPU
		{6AB1C0CC-3511-404D-911A-7882F2F62653}.Release|Any CPU.Build.0 = Release|Any CPU
		{980F2239-D7E1-48BA-8B65-FDB8BE49D502}.Debug|Any CPU.ActiveCfg = Debug|Any CPU
		{980F2239-D7E1-48BA-8B65-FDB8BE49D502}.Debug|Any CPU.Build.0 = Debug|Any CPU
		{980F2239-D7E1-48BA-8B65-FDB8BE49D502}.Release|Any CPU.ActiveCfg = Release|Any CPU
		{980F2239-D7E1-48BA-8B65-FDB8BE49D502}.Release|Any CPU.Build.0 = Release|Any CPU
		{EB2CF324-12DA-42EC-97D7-B27C566CE04D}.Debug|Any CPU.ActiveCfg = Debug|Any CPU
		{EB2CF324-12DA-42EC-97D7-B27C566CE04D}.Debug|Any CPU.Build.0 = Debug|Any CPU
		{EB2CF324-12DA-42EC-97D7-B27C566CE04D}.Release|Any CPU.ActiveCfg = Release|Any CPU
		{EB2CF324-12DA-42EC-97D7-B27C566CE04D}.Release|Any CPU.Build.0 = Release|Any CPU
		{7185080B-4EB0-4BD4-80E2-BBE412BE97E0}.Debug|Any CPU.ActiveCfg = Debug|Any CPU
		{7185080B-4EB0-4BD4-80E2-BBE412BE97E0}.Debug|Any CPU.Build.0 = Debug|Any CPU
		{7185080B-4EB0-4BD4-80E2-BBE412BE97E0}.Release|Any CPU.ActiveCfg = Release|Any CPU
		{7185080B-4EB0-4BD4-80E2-BBE412BE97E0}.Release|Any CPU.Build.0 = Release|Any CPU
	EndGlobalSection
	GlobalSection(SolutionProperties) = preSolution
		HideSolutionNode = FALSE
	EndGlobalSection
	GlobalSection(NestedProjects) = preSolution
		{79B84527-76E8-470D-91CD-94AA72B66AC7} = {72E316E6-8264-40EC-95A7-7F8D74E8A4B5}
		{3F8415DA-D30E-4C6B-8D9E-D21FC0A0904E} = {974B90B6-8BC9-40D4-BAC9-49C7D8824A61}
		{52AB3871-C73B-4DAB-87DB-671D68930E94} = {D109AD02-7779-4F08-BAB5-57ACEA59EF7E}
		{6AB1C0CC-3511-404D-911A-7882F2F62653} = {D109AD02-7779-4F08-BAB5-57ACEA59EF7E}
		{980F2239-D7E1-48BA-8B65-FDB8BE49D502} = {D109AD02-7779-4F08-BAB5-57ACEA59EF7E}
		{EB2CF324-12DA-42EC-97D7-B27C566CE04D} = {D109AD02-7779-4F08-BAB5-57ACEA59EF7E}
		{7185080B-4EB0-4BD4-80E2-BBE412BE97E0} = {D109AD02-7779-4F08-BAB5-57ACEA59EF7E}
	EndGlobalSection
	GlobalSection(ExtensibilityGlobals) = postSolution
		SolutionGuid = {C8F6AC34-FD51-42BA-97E5-D8FD5989F72A}
	EndGlobalSection
EndGlobal
